
Microsoft Visual Studio Solution File, Format Version 12.00
# Visual Studio Version 17
VisualStudioVersion = 17.8.34330.188
MinimumVisualStudioVersion = 10.0.40219.1
Project("{FAE04EC0-301F-11D3-BF4B-00C04F79EFBC}") = "HesapMakinesi", "HesapMakinesi.csproj", "{F92A98A0-D6F3-45BA-8C82-A53886367FEA}"
EndProject
Global
	GlobalSection(SolutionConfigurationPlatforms) = preSolution
		Debug|Any CPU = Debug|Any CPU
		Release|Any CPU = Release|Any CPU
	EndGlobalSection
	GlobalSection(ProjectConfigurationPlatforms) = postSolution
		{F92A98A0-D6F3-45BA-8C82-A53886367FEA}.Debug|Any CPU.ActiveCfg = Debug|Any CPU
		{F92A98A0-D6F3-45BA-8C82-A53886367FEA}.Debug|Any CPU.Build.0 = Debug|Any CPU
		{F92A98A0-D6F3-45BA-8C82-A53886367FEA}.Release|Any CPU.ActiveCfg = Release|Any CPU
		{F92A98A0-D6F3-45BA-8C82-A53886367FEA}.Release|Any CPU.Build.0 = Release|Any CPU
	EndGlobalSection
	GlobalSection(SolutionProperties) = preSolution
		HideSolutionNode = FALSE
	EndGlobalSection
	GlobalSection(ExtensibilityGlobals) = postSolution
		SolutionGuid = {FC142269-C24A-4886-97DB-3C9C9C3A547D}
	EndGlobalSection
EndGlobal
